// !$*UTF8*$!
{
	archiveVersion = 1;
	classes = {
	};
	objectVersion = 48;
	objects = {

/* Begin PBXBuildFile section */
		5B7F065E202264E1009F2218 /* AppDelegate.swift in Sources */ = {isa = PBXBuildFile; fileRef = 5B7F065D202264E1009F2218 /* AppDelegate.swift */; };
		5B7F0660202264E1009F2218 /* ViewController.swift in Sources */ = {isa = PBXBuildFile; fileRef = 5B7F065F202264E1009F2218 /* ViewController.swift */; };
		5B7F0663202264E1009F2218 /* Main.storyboard in Resources */ = {isa = PBXBuildFile; fileRef = 5B7F0661202264E1009F2218 /* Main.storyboard */; };
		5B7F0665202264E1009F2218 /* Assets.xcassets in Resources */ = {isa = PBXBuildFile; fileRef = 5B7F0664202264E1009F2218 /* Assets.xcassets */; };
		5B7F0668202264E1009F2218 /* LaunchScreen.storyboard in Resources */ = {isa = PBXBuildFile; fileRef = 5B7F0666202264E1009F2218 /* LaunchScreen.storyboard */; };
		5B830BD120226EB4006DFF2D /* FlickrApiClientSpec.swift in Sources */ = {isa = PBXBuildFile; fileRef = 5B830BD020226EB4006DFF2D /* FlickrApiClientSpec.swift */; };
		5B830BD320226EE6006DFF2D /* FlickrApiClientFixture.swift in Sources */ = {isa = PBXBuildFile; fileRef = 5B830BD220226EE6006DFF2D /* FlickrApiClientFixture.swift */; };
		5B830BD720227413006DFF2D /* Result.swift in Sources */ = {isa = PBXBuildFile; fileRef = 5B830BD620227413006DFF2D /* Result.swift */; };
		5B830BD9202274DB006DFF2D /* Result.swift in Sources */ = {isa = PBXBuildFile; fileRef = 5B830BD620227413006DFF2D /* Result.swift */; };
		5B830BDD20227563006DFF2D /* FeedItem.swift in Sources */ = {isa = PBXBuildFile; fileRef = 5B830BDC20227563006DFF2D /* FeedItem.swift */; };
		5B830BDF202275A5006DFF2D /* FlickrApiClient.swift in Sources */ = {isa = PBXBuildFile; fileRef = 5B830BDE202275A5006DFF2D /* FlickrApiClient.swift */; };
		5B830BE120227636006DFF2D /* Media.swift in Sources */ = {isa = PBXBuildFile; fileRef = 5B830BE020227636006DFF2D /* Media.swift */; };
		5B830BE2202277FF006DFF2D /* FeedItem.swift in Sources */ = {isa = PBXBuildFile; fileRef = 5B830BDC20227563006DFF2D /* FeedItem.swift */; };
		5B830BE320227802006DFF2D /* Media.swift in Sources */ = {isa = PBXBuildFile; fileRef = 5B830BE020227636006DFF2D /* Media.swift */; };
		5B830BE420227805006DFF2D /* FlickrApiClient.swift in Sources */ = {isa = PBXBuildFile; fileRef = 5B830BDE202275A5006DFF2D /* FlickrApiClient.swift */; };
		5B830BE62022785A006DFF2D /* NetworkServiceError.swift in Sources */ = {isa = PBXBuildFile; fileRef = 5B830BE52022785A006DFF2D /* NetworkServiceError.swift */; };
		5B830BE7202278BD006DFF2D /* NetworkServiceError.swift in Sources */ = {isa = PBXBuildFile; fileRef = 5B830BE52022785A006DFF2D /* NetworkServiceError.swift */; };
		7BE0DE0BACB259861639BBBB /* Pods_flickrfeedTests.framework in Frameworks */ = {isa = PBXBuildFile; fileRef = 295BD2C76ED623D79571FDC5 /* Pods_flickrfeedTests.framework */; };
		EFEA1F657F912CF577127A72 /* Pods_flickrfeed.framework in Frameworks */ = {isa = PBXBuildFile; fileRef = 64E1F0D9A56C27DB206AC986 /* Pods_flickrfeed.framework */; };
/* End PBXBuildFile section */

/* Begin PBXContainerItemProxy section */
		5B7F066F202264E1009F2218 /* PBXContainerItemProxy */ = {
			isa = PBXContainerItemProxy;
			containerPortal = 5B7F0652202264E1009F2218 /* Project object */;
			proxyType = 1;
			remoteGlobalIDString = 5B7F0659202264E1009F2218;
			remoteInfo = flickrfeed;
		};
/* End PBXContainerItemProxy section */

/* Begin PBXFileReference section */
		0FD1203307802D5AD7899A9E /* Pods-flickrfeedTests.debug.xcconfig */ = {isa = PBXFileReference; includeInIndex = 1; lastKnownFileType = text.xcconfig; name = "Pods-flickrfeedTests.debug.xcconfig"; path = "Pods/Target Support Files/Pods-flickrfeedTests/Pods-flickrfeedTests.debug.xcconfig"; sourceTree = "<group>"; };
		295BD2C76ED623D79571FDC5 /* Pods_flickrfeedTests.framework */ = {isa = PBXFileReference; explicitFileType = wrapper.framework; includeInIndex = 0; path = Pods_flickrfeedTests.framework; sourceTree = BUILT_PRODUCTS_DIR; };
		3EFD30F6C69D77B40825CDF7 /* Pods-flickrfeed.release.xcconfig */ = {isa = PBXFileReference; includeInIndex = 1; lastKnownFileType = text.xcconfig; name = "Pods-flickrfeed.release.xcconfig"; path = "Pods/Target Support Files/Pods-flickrfeed/Pods-flickrfeed.release.xcconfig"; sourceTree = "<group>"; };
		5B7F065A202264E1009F2218 /* flickrfeed.app */ = {isa = PBXFileReference; explicitFileType = wrapper.application; includeInIndex = 0; path = flickrfeed.app; sourceTree = BUILT_PRODUCTS_DIR; };
		5B7F065D202264E1009F2218 /* AppDelegate.swift */ = {isa = PBXFileReference; lastKnownFileType = sourcecode.swift; path = AppDelegate.swift; sourceTree = "<group>"; };
		5B7F065F202264E1009F2218 /* ViewController.swift */ = {isa = PBXFileReference; lastKnownFileType = sourcecode.swift; path = ViewController.swift; sourceTree = "<group>"; };
		5B7F0662202264E1009F2218 /* Base */ = {isa = PBXFileReference; lastKnownFileType = file.storyboard; name = Base; path = Base.lproj/Main.storyboard; sourceTree = "<group>"; };
		5B7F0664202264E1009F2218 /* Assets.xcassets */ = {isa = PBXFileReference; lastKnownFileType = folder.assetcatalog; path = Assets.xcassets; sourceTree = "<group>"; };
		5B7F0667202264E1009F2218 /* Base */ = {isa = PBXFileReference; lastKnownFileType = file.storyboard; name = Base; path = Base.lproj/LaunchScreen.storyboard; sourceTree = "<group>"; };
		5B7F0669202264E1009F2218 /* Info.plist */ = {isa = PBXFileReference; lastKnownFileType = text.plist.xml; path = Info.plist; sourceTree = "<group>"; };
		5B7F066E202264E1009F2218 /* flickrfeedTests.xctest */ = {isa = PBXFileReference; explicitFileType = wrapper.cfbundle; includeInIndex = 0; path = flickrfeedTests.xctest; sourceTree = BUILT_PRODUCTS_DIR; };
		5B7F0674202264E1009F2218 /* Info.plist */ = {isa = PBXFileReference; lastKnownFileType = text.plist.xml; path = Info.plist; sourceTree = "<group>"; };
		5B830BD020226EB4006DFF2D /* FlickrApiClientSpec.swift */ = {isa = PBXFileReference; lastKnownFileType = sourcecode.swift; path = FlickrApiClientSpec.swift; sourceTree = "<group>"; };
		5B830BD220226EE6006DFF2D /* FlickrApiClientFixture.swift */ = {isa = PBXFileReference; lastKnownFileType = sourcecode.swift; path = FlickrApiClientFixture.swift; sourceTree = "<group>"; };
		5B830BD620227413006DFF2D /* Result.swift */ = {isa = PBXFileReference; lastKnownFileType = sourcecode.swift; path = Result.swift; sourceTree = "<group>"; };
		5B830BDC20227563006DFF2D /* FeedItem.swift */ = {isa = PBXFileReference; lastKnownFileType = sourcecode.swift; path = FeedItem.swift; sourceTree = "<group>"; };
		5B830BDE202275A5006DFF2D /* FlickrApiClient.swift */ = {isa = PBXFileReference; lastKnownFileType = sourcecode.swift; path = FlickrApiClient.swift; sourceTree = "<group>"; };
		5B830BE020227636006DFF2D /* Media.swift */ = {isa = PBXFileReference; lastKnownFileType = sourcecode.swift; path = Media.swift; sourceTree = "<group>"; };
		5B830BE52022785A006DFF2D /* NetworkServiceError.swift */ = {isa = PBXFileReference; lastKnownFileType = sourcecode.swift; path = NetworkServiceError.swift; sourceTree = "<group>"; };
		63391FFA349881F8CF93A38E /* Pods-flickrfeedTests.release.xcconfig */ = {isa = PBXFileReference; includeInIndex = 1; lastKnownFileType = text.xcconfig; name = "Pods-flickrfeedTests.release.xcconfig"; path = "Pods/Target Support Files/Pods-flickrfeedTests/Pods-flickrfeedTests.release.xcconfig"; sourceTree = "<group>"; };
		64E1F0D9A56C27DB206AC986 /* Pods_flickrfeed.framework */ = {isa = PBXFileReference; explicitFileType = wrapper.framework; includeInIndex = 0; path = Pods_flickrfeed.framework; sourceTree = BUILT_PRODUCTS_DIR; };
		D2500AD250B03DF45744BE9A /* Pods-flickrfeed.debug.xcconfig */ = {isa = PBXFileReference; includeInIndex = 1; lastKnownFileType = text.xcconfig; name = "Pods-flickrfeed.debug.xcconfig"; path = "Pods/Target Support Files/Pods-flickrfeed/Pods-flickrfeed.debug.xcconfig"; sourceTree = "<group>"; };
/* End PBXFileReference section */

/* Begin PBXFrameworksBuildPhase section */
		5B7F0657202264E1009F2218 /* Frameworks */ = {
			isa = PBXFrameworksBuildPhase;
			buildActionMask = 2147483647;
			files = (
				EFEA1F657F912CF577127A72 /* Pods_flickrfeed.framework in Frameworks */,
			);
			runOnlyForDeploymentPostprocessing = 0;
		};
		5B7F066B202264E1009F2218 /* Frameworks */ = {
			isa = PBXFrameworksBuildPhase;
			buildActionMask = 2147483647;
			files = (
				7BE0DE0BACB259861639BBBB /* Pods_flickrfeedTests.framework in Frameworks */,
			);
			runOnlyForDeploymentPostprocessing = 0;
		};
/* End PBXFrameworksBuildPhase section */

/* Begin PBXGroup section */
		02962CBBE071D6ADE1F717E5 /* Pods */ = {
			isa = PBXGroup;
			children = (
				D2500AD250B03DF45744BE9A /* Pods-flickrfeed.debug.xcconfig */,
				3EFD30F6C69D77B40825CDF7 /* Pods-flickrfeed.release.xcconfig */,
				0FD1203307802D5AD7899A9E /* Pods-flickrfeedTests.debug.xcconfig */,
				63391FFA349881F8CF93A38E /* Pods-flickrfeedTests.release.xcconfig */,
			);
			name = Pods;
			sourceTree = "<group>";
		};
		46AC6248B0E8E9B99FF1CC40 /* Frameworks */ = {
			isa = PBXGroup;
			children = (
				64E1F0D9A56C27DB206AC986 /* Pods_flickrfeed.framework */,
				295BD2C76ED623D79571FDC5 /* Pods_flickrfeedTests.framework */,
			);
			name = Frameworks;
			sourceTree = "<group>";
		};
		5B07086720227F0B00EF3E6E /* flickr */ = {
			isa = PBXGroup;
			children = (
				5B07086820227F1400EF3E6E /* responses */,
				5B830BD020226EB4006DFF2D /* FlickrApiClientSpec.swift */,
				5B830BD220226EE6006DFF2D /* FlickrApiClientFixture.swift */,
			);
			path = flickr;
			sourceTree = "<group>";
		};
		5B07086820227F1400EF3E6E /* responses */ = {
			isa = PBXGroup;
			children = (
			);
			path = responses;
			sourceTree = "<group>";
		};
		5B7F0651202264E1009F2218 = {
			isa = PBXGroup;
			children = (
				5B7F065C202264E1009F2218 /* flickrfeed */,
				5B7F0671202264E1009F2218 /* flickrfeedTests */,
				5B7F065B202264E1009F2218 /* Products */,
				02962CBBE071D6ADE1F717E5 /* Pods */,
				46AC6248B0E8E9B99FF1CC40 /* Frameworks */,
			);
			sourceTree = "<group>";
		};
		5B7F065B202264E1009F2218 /* Products */ = {
			isa = PBXGroup;
			children = (
				5B7F065A202264E1009F2218 /* flickrfeed.app */,
				5B7F066E202264E1009F2218 /* flickrfeedTests.xctest */,
			);
			name = Products;
			sourceTree = "<group>";
		};
		5B7F065C202264E1009F2218 /* flickrfeed */ = {
			isa = PBXGroup;
			children = (
				5B830BD520227374006DFF2D /* model */,
				5B830BD420227186006DFF2D /* network */,
				5B7F065D202264E1009F2218 /* AppDelegate.swift */,
				5B7F065F202264E1009F2218 /* ViewController.swift */,
				5B7F0661202264E1009F2218 /* Main.storyboard */,
				5B7F0664202264E1009F2218 /* Assets.xcassets */,
				5B7F0666202264E1009F2218 /* LaunchScreen.storyboard */,
				5B7F0669202264E1009F2218 /* Info.plist */,
			);
			path = flickrfeed;
			sourceTree = "<group>";
		};
		5B7F0671202264E1009F2218 /* flickrfeedTests */ = {
			isa = PBXGroup;
			children = (
				5B830BCF20226E72006DFF2D /* network */,
				5B7F0674202264E1009F2218 /* Info.plist */,
			);
			path = flickrfeedTests;
			sourceTree = "<group>";
		};
		5B830BCF20226E72006DFF2D /* network */ = {
			isa = PBXGroup;
			children = (
				5B07086720227F0B00EF3E6E /* flickr */,
			);
			path = network;
			sourceTree = "<group>";
		};
		5B830BD420227186006DFF2D /* network */ = {
			isa = PBXGroup;
			children = (
				5B830BDA2022752E006DFF2D /* flickr */,
				5B830BD620227413006DFF2D /* Result.swift */,
				5B830BE52022785A006DFF2D /* NetworkServiceError.swift */,
			);
			path = network;
			sourceTree = "<group>";
		};
		5B830BD520227374006DFF2D /* model */ = {
			isa = PBXGroup;
			children = (
			);
			path = model;
			sourceTree = "<group>";
		};
		5B830BDA2022752E006DFF2D /* flickr */ = {
			isa = PBXGroup;
			children = (
				5B830BDB20227540006DFF2D /* model */,
				5B830BDE202275A5006DFF2D /* FlickrApiClient.swift */,
			);
			path = flickr;
			sourceTree = "<group>";
		};
		5B830BDB20227540006DFF2D /* model */ = {
			isa = PBXGroup;
			children = (
				5B830BDC20227563006DFF2D /* FeedItem.swift */,
				5B830BE020227636006DFF2D /* Media.swift */,
			);
			path = model;
			sourceTree = "<group>";
		};
/* End PBXGroup section */

/* Begin PBXNativeTarget section */
		5B7F0659202264E1009F2218 /* flickrfeed */ = {
			isa = PBXNativeTarget;
			buildConfigurationList = 5B7F0677202264E1009F2218 /* Build configuration list for PBXNativeTarget "flickrfeed" */;
			buildPhases = (
				804459CD5A56B378A382F5CD /* [CP] Check Pods Manifest.lock */,
				5B7F0656202264E1009F2218 /* Sources */,
				5B7F0657202264E1009F2218 /* Frameworks */,
				5B7F0658202264E1009F2218 /* Resources */,
				63BA6C46768D29707F3F1B04 /* [CP] Embed Pods Frameworks */,
				E154EEBA99123DC576B20909 /* [CP] Copy Pods Resources */,
			);
			buildRules = (
			);
			dependencies = (
			);
			name = flickrfeed;
			productName = flickrfeed;
			productReference = 5B7F065A202264E1009F2218 /* flickrfeed.app */;
			productType = "com.apple.product-type.application";
		};
		5B7F066D202264E1009F2218 /* flickrfeedTests */ = {
			isa = PBXNativeTarget;
			buildConfigurationList = 5B7F067A202264E1009F2218 /* Build configuration list for PBXNativeTarget "flickrfeedTests" */;
			buildPhases = (
				97E3C59FAE86563C6ACCC7DC /* [CP] Check Pods Manifest.lock */,
				5B7F066A202264E1009F2218 /* Sources */,
				5B7F066B202264E1009F2218 /* Frameworks */,
				5B7F066C202264E1009F2218 /* Resources */,
				479F3CE792183F162416B3A4 /* [CP] Embed Pods Frameworks */,
				9962BED0505B064AFBC40CFE /* [CP] Copy Pods Resources */,
			);
			buildRules = (
			);
			dependencies = (
				5B7F0670202264E1009F2218 /* PBXTargetDependency */,
			);
			name = flickrfeedTests;
			productName = flickrfeedTests;
			productReference = 5B7F066E202264E1009F2218 /* flickrfeedTests.xctest */;
			productType = "com.apple.product-type.bundle.unit-test";
		};
/* End PBXNativeTarget section */

/* Begin PBXProject section */
		5B7F0652202264E1009F2218 /* Project object */ = {
			isa = PBXProject;
			attributes = {
				LastSwiftUpdateCheck = 0920;
				LastUpgradeCheck = 0920;
				ORGANIZATIONNAME = Rivia;
				TargetAttributes = {
					5B7F0659202264E1009F2218 = {
						CreatedOnToolsVersion = 9.2;
						ProvisioningStyle = Automatic;
					};
					5B7F066D202264E1009F2218 = {
						CreatedOnToolsVersion = 9.2;
						ProvisioningStyle = Automatic;
					};
				};
			};
			buildConfigurationList = 5B7F0655202264E1009F2218 /* Build configuration list for PBXProject "flickrfeed" */;
			compatibilityVersion = "Xcode 8.0";
			developmentRegion = en;
			hasScannedForEncodings = 0;
			knownRegions = (
				en,
				Base,
			);
			mainGroup = 5B7F0651202264E1009F2218;
			productRefGroup = 5B7F065B202264E1009F2218 /* Products */;
			projectDirPath = "";
			projectRoot = "";
			targets = (
				5B7F0659202264E1009F2218 /* flickrfeed */,
				5B7F066D202264E1009F2218 /* flickrfeedTests */,
			);
		};
/* End PBXProject section */

/* Begin PBXResourcesBuildPhase section */
		5B7F0658202264E1009F2218 /* Resources */ = {
			isa = PBXResourcesBuildPhase;
			buildActionMask = 2147483647;
			files = (
				5B7F0668202264E1009F2218 /* LaunchScreen.storyboard in Resources */,
				5B7F0665202264E1009F2218 /* Assets.xcassets in Resources */,
				5B7F0663202264E1009F2218 /* Main.storyboard in Resources */,
			);
			runOnlyForDeploymentPostprocessing = 0;
		};
		5B7F066C202264E1009F2218 /* Resources */ = {
			isa = PBXResourcesBuildPhase;
			buildActionMask = 2147483647;
			files = (
			);
			runOnlyForDeploymentPostprocessing = 0;
		};
/* End PBXResourcesBuildPhase section */

/* Begin PBXShellScriptBuildPhase section */
		479F3CE792183F162416B3A4 /* [CP] Embed Pods Frameworks */ = {
			isa = PBXShellScriptBuildPhase;
			buildActionMask = 2147483647;
			files = (
			);
			inputPaths = (
			);
			name = "[CP] Embed Pods Frameworks";
			outputPaths = (
			);
			runOnlyForDeploymentPostprocessing = 0;
			shellPath = /bin/sh;
			shellScript = "\"${SRCROOT}/Pods/Target Support Files/Pods-flickrfeedTests/Pods-flickrfeedTests-frameworks.sh\"\n";
			showEnvVarsInLog = 0;
		};
		63BA6C46768D29707F3F1B04 /* [CP] Embed Pods Frameworks */ = {
			isa = PBXShellScriptBuildPhase;
			buildActionMask = 2147483647;
			files = (
			);
			inputPaths = (
			);
			name = "[CP] Embed Pods Frameworks";
			outputPaths = (
			);
			runOnlyForDeploymentPostprocessing = 0;
			shellPath = /bin/sh;
			shellScript = "\"${SRCROOT}/Pods/Target Support Files/Pods-flickrfeed/Pods-flickrfeed-frameworks.sh\"\n";
			showEnvVarsInLog = 0;
		};
		804459CD5A56B378A382F5CD /* [CP] Check Pods Manifest.lock */ = {
			isa = PBXShellScriptBuildPhase;
			buildActionMask = 2147483647;
			files = (
			);
			inputPaths = (
				"${PODS_PODFILE_DIR_PATH}/Podfile.lock",
				"${PODS_ROOT}/Manifest.lock",
			);
			name = "[CP] Check Pods Manifest.lock";
			outputPaths = (
				"$(DERIVED_FILE_DIR)/Pods-flickrfeed-checkManifestLockResult.txt",
			);
			runOnlyForDeploymentPostprocessing = 0;
			shellPath = /bin/sh;
			shellScript = "diff \"${PODS_PODFILE_DIR_PATH}/Podfile.lock\" \"${PODS_ROOT}/Manifest.lock\" > /dev/null\nif [ $? != 0 ] ; then\n    # print error to STDERR\n    echo \"error: The sandbox is not in sync with the Podfile.lock. Run 'pod install' or update your CocoaPods installation.\" >&2\n    exit 1\nfi\n# This output is used by Xcode 'outputs' to avoid re-running this script phase.\necho \"SUCCESS\" > \"${SCRIPT_OUTPUT_FILE_0}\"\n";
			showEnvVarsInLog = 0;
		};
		97E3C59FAE86563C6ACCC7DC /* [CP] Check Pods Manifest.lock */ = {
			isa = PBXShellScriptBuildPhase;
			buildActionMask = 2147483647;
			files = (
			);
			inputPaths = (
				"${PODS_PODFILE_DIR_PATH}/Podfile.lock",
				"${PODS_ROOT}/Manifest.lock",
			);
			name = "[CP] Check Pods Manifest.lock";
			outputPaths = (
				"$(DERIVED_FILE_DIR)/Pods-flickrfeedTests-checkManifestLockResult.txt",
			);
			runOnlyForDeploymentPostprocessing = 0;
			shellPath = /bin/sh;
			shellScript = "diff \"${PODS_PODFILE_DIR_PATH}/Podfile.lock\" \"${PODS_ROOT}/Manifest.lock\" > /dev/null\nif [ $? != 0 ] ; then\n    # print error to STDERR\n    echo \"error: The sandbox is not in sync with the Podfile.lock. Run 'pod install' or update your CocoaPods installation.\" >&2\n    exit 1\nfi\n# This output is used by Xcode 'outputs' to avoid re-running this script phase.\necho \"SUCCESS\" > \"${SCRIPT_OUTPUT_FILE_0}\"\n";
			showEnvVarsInLog = 0;
		};
		9962BED0505B064AFBC40CFE /* [CP] Copy Pods Resources */ = {
			isa = PBXShellScriptBuildPhase;
			buildActionMask = 2147483647;
			files = (
			);
			inputPaths = (
			);
			name = "[CP] Copy Pods Resources";
			outputPaths = (
			);
			runOnlyForDeploymentPostprocessing = 0;
			shellPath = /bin/sh;
			shellScript = "\"${SRCROOT}/Pods/Target Support Files/Pods-flickrfeedTests/Pods-flickrfeedTests-resources.sh\"\n";
			showEnvVarsInLog = 0;
		};
		E154EEBA99123DC576B20909 /* [CP] Copy Pods Resources */ = {
			isa = PBXShellScriptBuildPhase;
			buildActionMask = 2147483647;
			files = (
			);
			inputPaths = (
			);
			name = "[CP] Copy Pods Resources";
			outputPaths = (
			);
			runOnlyForDeploymentPostprocessing = 0;
			shellPath = /bin/sh;
			shellScript = "\"${SRCROOT}/Pods/Target Support Files/Pods-flickrfeed/Pods-flickrfeed-resources.sh\"\n";
			showEnvVarsInLog = 0;
		};
/* End PBXShellScriptBuildPhase section */

/* Begin PBXSourcesBuildPhase section */
		5B7F0656202264E1009F2218 /* Sources */ = {
			isa = PBXSourcesBuildPhase;
			buildActionMask = 2147483647;
			files = (
				5B830BE62022785A006DFF2D /* NetworkServiceError.swift in Sources */,
				5B830BDD20227563006DFF2D /* FeedItem.swift in Sources */,
				5B830BD720227413006DFF2D /* Result.swift in Sources */,
				5B830BE120227636006DFF2D /* Media.swift in Sources */,
				5B7F0660202264E1009F2218 /* ViewController.swift in Sources */,
				5B830BDF202275A5006DFF2D /* FlickrApiClient.swift in Sources */,
				5B7F065E202264E1009F2218 /* AppDelegate.swift in Sources */,
			);
			runOnlyForDeploymentPostprocessing = 0;
		};
		5B7F066A202264E1009F2218 /* Sources */ = {
			isa = PBXSourcesBuildPhase;
			buildActionMask = 2147483647;
			files = (
				5B830BE7202278BD006DFF2D /* NetworkServiceError.swift in Sources */,
				5B830BE420227805006DFF2D /* FlickrApiClient.swift in Sources */,
				5B830BE2202277FF006DFF2D /* FeedItem.swift in Sources */,
				5B830BD9202274DB006DFF2D /* Result.swift in Sources */,
				5B830BD320226EE6006DFF2D /* FlickrApiClientFixture.swift in Sources */,
				5B830BD120226EB4006DFF2D /* FlickrApiClientSpec.swift in Sources */,
				5B830BE320227802006DFF2D /* Media.swift in Sources */,
			);
			runOnlyForDeploymentPostprocessing = 0;
		};
/* End PBXSourcesBuildPhase section */

/* Begin PBXTargetDependency section */
		5B7F0670202264E1009F2218 /* PBXTargetDependency */ = {
			isa = PBXTargetDependency;
			target = 5B7F0659202264E1009F2218 /* flickrfeed */;
			targetProxy = 5B7F066F202264E1009F2218 /* PBXContainerItemProxy */;
		};
/* End PBXTargetDependency section */

/* Begin PBXVariantGroup section */
		5B7F0661202264E1009F2218 /* Main.storyboard */ = {
			isa = PBXVariantGroup;
			children = (
				5B7F0662202264E1009F2218 /* Base */,
			);
			name = Main.storyboard;
			sourceTree = "<group>";
		};
		5B7F0666202264E1009F2218 /* LaunchScreen.storyboard */ = {
			isa = PBXVariantGroup;
			children = (
				5B7F0667202264E1009F2218 /* Base */,
			);
			name = LaunchScreen.storyboard;
			sourceTree = "<group>";
		};
/* End PBXVariantGroup section */

/* Begin XCBuildConfiguration section */
		5B7F0675202264E1009F2218 /* Debug */ = {
			isa = XCBuildConfiguration;
			buildSettings = {
				ALWAYS_SEARCH_USER_PATHS = NO;
				CLANG_ANALYZER_NONNULL = YES;
				CLANG_ANALYZER_NUMBER_OBJECT_CONVERSION = YES_AGGRESSIVE;
				CLANG_CXX_LANGUAGE_STANDARD = "gnu++14";
				CLANG_CXX_LIBRARY = "libc++";
				CLANG_ENABLE_MODULES = YES;
				CLANG_ENABLE_OBJC_ARC = YES;
				CLANG_WARN_BLOCK_CAPTURE_AUTORELEASING = YES;
				CLANG_WARN_BOOL_CONVERSION = YES;
				CLANG_WARN_COMMA = YES;
				CLANG_WARN_CONSTANT_CONVERSION = YES;
				CLANG_WARN_DIRECT_OBJC_ISA_USAGE = YES_ERROR;
				CLANG_WARN_DOCUMENTATION_COMMENTS = YES;
				CLANG_WARN_EMPTY_BODY = YES;
				CLANG_WARN_ENUM_CONVERSION = YES;
				CLANG_WARN_INFINITE_RECURSION = YES;
				CLANG_WARN_INT_CONVERSION = YES;
				CLANG_WARN_NON_LITERAL_NULL_CONVERSION = YES;
				CLANG_WARN_OBJC_LITERAL_CONVERSION = YES;
				CLANG_WARN_OBJC_ROOT_CLASS = YES_ERROR;
				CLANG_WARN_RANGE_LOOP_ANALYSIS = YES;
				CLANG_WARN_STRICT_PROTOTYPES = YES;
				CLANG_WARN_SUSPICIOUS_MOVE = YES;
				CLANG_WARN_UNGUARDED_AVAILABILITY = YES_AGGRESSIVE;
				CLANG_WARN_UNREACHABLE_CODE = YES;
				CLANG_WARN__DUPLICATE_METHOD_MATCH = YES;
				CODE_SIGN_IDENTITY = "iPhone Developer";
				COPY_PHASE_STRIP = NO;
				DEBUG_INFORMATION_FORMAT = dwarf;
				ENABLE_STRICT_OBJC_MSGSEND = YES;
				ENABLE_TESTABILITY = YES;
				GCC_C_LANGUAGE_STANDARD = gnu11;
				GCC_DYNAMIC_NO_PIC = NO;
				GCC_NO_COMMON_BLOCKS = YES;
				GCC_OPTIMIZATION_LEVEL = 0;
				GCC_PREPROCESSOR_DEFINITIONS = (
					"DEBUG=1",
					"$(inherited)",
				);
				GCC_WARN_64_TO_32_BIT_CONVERSION = YES;
				GCC_WARN_ABOUT_RETURN_TYPE = YES_ERROR;
				GCC_WARN_UNDECLARED_SELECTOR = YES;
				GCC_WARN_UNINITIALIZED_AUTOS = YES_AGGRESSIVE;
				GCC_WARN_UNUSED_FUNCTION = YES;
				GCC_WARN_UNUSED_VARIABLE = YES;
				IPHONEOS_DEPLOYMENT_TARGET = 11.2;
				MTL_ENABLE_DEBUG_INFO = YES;
				ONLY_ACTIVE_ARCH = YES;
				SDKROOT = iphoneos;
				SWIFT_ACTIVE_COMPILATION_CONDITIONS = DEBUG;
				SWIFT_OPTIMIZATION_LEVEL = "-Onone";
			};
			name = Debug;
		};
		5B7F0676202264E1009F2218 /* Release */ = {
			isa = XCBuildConfiguration;
			buildSettings = {
				ALWAYS_SEARCH_USER_PATHS = NO;
				CLANG_ANALYZER_NONNULL = YES;
				CLANG_ANALYZER_NUMBER_OBJECT_CONVERSION = YES_AGGRESSIVE;
				CLANG_CXX_LANGUAGE_STANDARD = "gnu++14";
				CLANG_CXX_LIBRARY = "libc++";
				CLANG_ENABLE_MODULES = YES;
				CLANG_ENABLE_OBJC_ARC = YES;
				CLANG_WARN_BLOCK_CAPTURE_AUTORELEASING = YES;
				CLANG_WARN_BOOL_CONVERSION = YES;
				CLANG_WARN_COMMA = YES;
				CLANG_WARN_CONSTANT_CONVERSION = YES;
				CLANG_WARN_DIRECT_OBJC_ISA_USAGE = YES_ERROR;
				CLANG_WARN_DOCUMENTATION_COMMENTS = YES;
				CLANG_WARN_EMPTY_BODY = YES;
				CLANG_WARN_ENUM_CONVERSION = YES;
				CLANG_WARN_INFINITE_RECURSION = YES;
				CLANG_WARN_INT_CONVERSION = YES;
				CLANG_WARN_NON_LITERAL_NULL_CONVERSION = YES;
				CLANG_WARN_OBJC_LITERAL_CONVERSION = YES;
				CLANG_WARN_OBJC_ROOT_CLASS = YES_ERROR;
				CLANG_WARN_RANGE_LOOP_ANALYSIS = YES;
				CLANG_WARN_STRICT_PROTOTYPES = YES;
				CLANG_WARN_SUSPICIOUS_MOVE = YES;
				CLANG_WARN_UNGUARDED_AVAILABILITY = YES_AGGRESSIVE;
				CLANG_WARN_UNREACHABLE_CODE = YES;
				CLANG_WARN__DUPLICATE_METHOD_MATCH = YES;
				CODE_SIGN_IDENTITY = "iPhone Developer";
				COPY_PHASE_STRIP = NO;
				DEBUG_INFORMATION_FORMAT = "dwarf-with-dsym";
				ENABLE_NS_ASSERTIONS = NO;
				ENABLE_STRICT_OBJC_MSGSEND = YES;
				GCC_C_LANGUAGE_STANDARD = gnu11;
				GCC_NO_COMMON_BLOCKS = YES;
				GCC_WARN_64_TO_32_BIT_CONVERSION = YES;
				GCC_WARN_ABOUT_RETURN_TYPE = YES_ERROR;
				GCC_WARN_UNDECLARED_SELECTOR = YES;
				GCC_WARN_UNINITIALIZED_AUTOS = YES_AGGRESSIVE;
				GCC_WARN_UNUSED_FUNCTION = YES;
				GCC_WARN_UNUSED_VARIABLE = YES;
				IPHONEOS_DEPLOYMENT_TARGET = 11.2;
				MTL_ENABLE_DEBUG_INFO = NO;
				SDKROOT = iphoneos;
				SWIFT_OPTIMIZATION_LEVEL = "-Owholemodule";
				VALIDATE_PRODUCT = YES;
			};
			name = Release;
		};
		5B7F0678202264E1009F2218 /* Debug */ = {
			isa = XCBuildConfiguration;
			baseConfigurationReference = D2500AD250B03DF45744BE9A /* Pods-flickrfeed.debug.xcconfig */;
			buildSettings = {
				ASSETCATALOG_COMPILER_APPICON_NAME = AppIcon;
				CODE_SIGN_STYLE = Automatic;
				DEVELOPMENT_TEAM = Y947N6TEH6;
				INFOPLIST_FILE = flickrfeed/Info.plist;
				IPHONEOS_DEPLOYMENT_TARGET = 11.0;
				LD_RUNPATH_SEARCH_PATHS = "$(inherited) @executable_path/Frameworks";
				PRODUCT_BUNDLE_IDENTIFIER = net.rivia.flickrfeed;
				PRODUCT_NAME = "$(TARGET_NAME)";
				SWIFT_VERSION = 4.0;
				TARGETED_DEVICE_FAMILY = 1;
			};
			name = Debug;
		};
		5B7F0679202264E1009F2218 /* Release */ = {
			isa = XCBuildConfiguration;
			baseConfigurationReference = 3EFD30F6C69D77B40825CDF7 /* Pods-flickrfeed.release.xcconfig */;
			buildSettings = {
				ASSETCATALOG_COMPILER_APPICON_NAME = AppIcon;
				CODE_SIGN_STYLE = Automatic;
				DEVELOPMENT_TEAM = Y947N6TEH6;
				INFOPLIST_FILE = flickrfeed/Info.plist;
				IPHONEOS_DEPLOYMENT_TARGET = 11.0;
				LD_RUNPATH_SEARCH_PATHS = "$(inherited) @executable_path/Frameworks";
				PRODUCT_BUNDLE_IDENTIFIER = net.rivia.flickrfeed;
				PRODUCT_NAME = "$(TARGET_NAME)";
				SWIFT_VERSION = 4.0;
				TARGETED_DEVICE_FAMILY = 1;
			};
			name = Release;
		};
		5B7F067B202264E1009F2218 /* Debug */ = {
			isa = XCBuildConfiguration;
			baseConfigurationReference = 0FD1203307802D5AD7899A9E /* Pods-flickrfeedTests.debug.xcconfig */;
			buildSettings = {
				ALWAYS_EMBED_SWIFT_STANDARD_LIBRARIES = YES;
				CODE_SIGN_STYLE = Automatic;
				DEVELOPMENT_TEAM = Y947N6TEH6;
				INFOPLIST_FILE = flickrfeedTests/Info.plist;
				LD_RUNPATH_SEARCH_PATHS = "$(inherited) @executable_path/Frameworks @loader_path/Frameworks";
				PRODUCT_BUNDLE_IDENTIFIER = net.rivia.flickrfeedTests;
				PRODUCT_NAME = "$(TARGET_NAME)";
				SWIFT_VERSION = 4.0;
				TARGETED_DEVICE_FAMILY = "1,2";
			};
			name = Debug;
		};
		5B7F067C202264E1009F2218 /* Release */ = {
			isa = XCBuildConfiguration;
			baseConfigurationReference = 63391FFA349881F8CF93A38E /* Pods-flickrfeedTests.release.xcconfig */;
			buildSettings = {
				ALWAYS_EMBED_SWIFT_STANDARD_LIBRARIES = YES;
				CODE_SIGN_STYLE = Automatic;
				DEVELOPMENT_TEAM = Y947N6TEH6;
				INFOPLIST_FILE = flickrfeedTests/Info.plist;
				LD_RUNPATH_SEARCH_PATHS = "$(inherited) @executable_path/Frameworks @loader_path/Frameworks";
				PRODUCT_BUNDLE_IDENTIFIER = net.rivia.flickrfeedTests;
				PRODUCT_NAME = "$(TARGET_NAME)";
				SWIFT_VERSION = 4.0;
				TARGETED_DEVICE_FAMILY = "1,2";
			};
			name = Release;
		};
/* End XCBuildConfiguration section */

/* Begin XCConfigurationList section */
		5B7F0655202264E1009F2218 /* Build configuration list for PBXProject "flickrfeed" */ = {
			isa = XCConfigurationList;
			buildConfigurations = (
				5B7F0675202264E1009F2218 /* Debug */,
				5B7F0676202264E1009F2218 /* Release */,
			);
			defaultConfigurationIsVisible = 0;
			defaultConfigurationName = Release;
		};
		5B7F0677202264E1009F2218 /* Build configuration list for PBXNativeTarget "flickrfeed" */ = {
			isa = XCConfigurationList;
			buildConfigurations = (
				5B7F0678202264E1009F2218 /* Debug */,
				5B7F0679202264E1009F2218 /* Release */,
			);
			defaultConfigurationIsVisible = 0;
			defaultConfigurationName = Release;
		};
		5B7F067A202264E1009F2218 /* Build configuration list for PBXNativeTarget "flickrfeedTests" */ = {
			isa = XCConfigurationList;
			buildConfigurations = (
				5B7F067B202264E1009F2218 /* Debug */,
				5B7F067C202264E1009F2218 /* Release */,
			);
			defaultConfigurationIsVisible = 0;
			defaultConfigurationName = Release;
		};
/* End XCConfigurationList section */
	};
	rootObject = 5B7F0652202264E1009F2218 /* Project object */;
}
